
Microsoft Visual Studio Solution File, Format Version 12.00
# Visual Studio Version 17
VisualStudioVersion = 17.2.32630.192
MinimumVisualStudioVersion = 10.0.40219.1
Project("{FAE04EC0-301F-11D3-BF4B-00C04F79EFBC}") = "NewYorkSubway", "NewYorkSubway\NewYorkSubway.csproj", "{433A3D23-CCDD-4302-AFE1-64A4F9B200FF}"
EndProject
Project("{FAE04EC0-301F-11D3-BF4B-00C04F79EFBC}") = "NewYorkSubway.Application", "NewYorkSubway.Application\NewYorkSubway.Application.csproj", "{3D727C41-34DD-4C9C-8086-45820DCCD937}"
EndProject
Global
	GlobalSection(SolutionConfigurationPlatforms) = preSolution
		Debug|Any CPU = Debug|Any CPU
		Release|Any CPU = Release|Any CPU
	EndGlobalSection
	GlobalSection(ProjectConfigurationPlatforms) = postSolution
		{433A3D23-CCDD-4302-AFE1-64A4F9B200FF}.Debug|Any CPU.ActiveCfg = Debug|Any CPU
		{433A3D23-CCDD-4302-AFE1-64A4F9B200FF}.Debug|Any CPU.Build.0 = Debug|Any CPU
		{433A3D23-CCDD-4302-AFE1-64A4F9B200FF}.Release|Any CPU.ActiveCfg = Release|Any CPU
		{433A3D23-CCDD-4302-AFE1-64A4F9B200FF}.Release|Any CPU.Build.0 = Release|Any CPU
		{3D727C41-34DD-4C9C-8086-45820DCCD937}.Debug|Any CPU.ActiveCfg = Debug|Any CPU
		{3D727C41-34DD-4C9C-8086-45820DCCD937}.Debug|Any CPU.Build.0 = Debug|Any CPU
		{3D727C41-34DD-4C9C-8086-45820DCCD937}.Release|Any CPU.ActiveCfg = Release|Any CPU
		{3D727C41-34DD-4C9C-8086-45820DCCD937}.Release|Any CPU.Build.0 = Release|Any CPU
	EndGlobalSection
	GlobalSection(SolutionProperties) = preSolution
		HideSolutionNode = FALSE
	EndGlobalSection
	GlobalSection(ExtensibilityGlobals) = postSolution
		SolutionGuid = {6CF7A172-0C68-4FCE-9289-C2F405C15BAD}
	EndGlobalSection
EndGlobal
