
Microsoft Visual Studio Solution File, Format Version 12.00
# Visual Studio Version 17
VisualStudioVersion = 17.2.32630.192
MinimumVisualStudioVersion = 10.0.40219.1
Project("{9A19103F-16F7-4668-BE54-9A1E7A4F7556}") = "NewYorkSubway", "NewYorkSubway\NewYorkSubway.csproj", "{433A3D23-CCDD-4302-AFE1-64A4F9B200FF}"
EndProject
Project("{9A19103F-16F7-4668-BE54-9A1E7A4F7556}") = "NewYorkSubway.Application", "NewYorkSubway.Application\NewYorkSubway.Application.csproj", "{3D727C41-34DD-4C9C-8086-45820DCCD937}"
EndProject
Project("{9A19103F-16F7-4668-BE54-9A1E7A4F7556}") = "NewYorkSubway.Core", "NewYorkSubway.Core\NewYorkSubway.Core.csproj", "{C78C736C-7F52-4358-904D-C24A2A8AEF70}"
EndProject
Project("{9A19103F-16F7-4668-BE54-9A1E7A4F7556}") = "NewYorkSubway.Infrastructure", "NewYorkSubway.Infrastructure\NewYorkSubway.Infrastructure.csproj", "{E003D16D-68DB-4989-9F09-EA1896817E64}"
EndProject
Project("{FAE04EC0-301F-11D3-BF4B-00C04F79EFBC}") = "NewYorkSubway.Common", "NewYorkSubway.Common\NewYorkSubway.Common.csproj", "{1B6C6E3A-509B-47DF-A12A-195828BB0177}"
EndProject
Global
	GlobalSection(SolutionConfigurationPlatforms) = preSolution
		Debug|Any CPU = Debug|Any CPU
		Release|Any CPU = Release|Any CPU
	EndGlobalSection
	GlobalSection(ProjectConfigurationPlatforms) = postSolution
		{433A3D23-CCDD-4302-AFE1-64A4F9B200FF}.Debug|Any CPU.ActiveCfg = Debug|Any CPU
		{433A3D23-CCDD-4302-AFE1-64A4F9B200FF}.Debug|Any CPU.Build.0 = Debug|Any CPU
		{433A3D23-CCDD-4302-AFE1-64A4F9B200FF}.Release|Any CPU.ActiveCfg = Release|Any CPU
		{433A3D23-CCDD-4302-AFE1-64A4F9B200FF}.Release|Any CPU.Build.0 = Release|Any CPU
		{3D727C41-34DD-4C9C-8086-45820DCCD937}.Debug|Any CPU.ActiveCfg = Debug|Any CPU
		{3D727C41-34DD-4C9C-8086-45820DCCD937}.Debug|Any CPU.Build.0 = Debug|Any CPU
		{3D727C41-34DD-4C9C-8086-45820DCCD937}.Release|Any CPU.ActiveCfg = Release|Any CPU
		{3D727C41-34DD-4C9C-8086-45820DCCD937}.Release|Any CPU.Build.0 = Release|Any CPU
		{C78C736C-7F52-4358-904D-C24A2A8AEF70}.Debug|Any CPU.ActiveCfg = Debug|Any CPU
		{C78C736C-7F52-4358-904D-C24A2A8AEF70}.Debug|Any CPU.Build.0 = Debug|Any CPU
		{C78C736C-7F52-4358-904D-C24A2A8AEF70}.Release|Any CPU.ActiveCfg = Release|Any CPU
		{C78C736C-7F52-4358-904D-C24A2A8AEF70}.Release|Any CPU.Build.0 = Release|Any CPU
		{E003D16D-68DB-4989-9F09-EA1896817E64}.Debug|Any CPU.ActiveCfg = Debug|Any CPU
		{E003D16D-68DB-4989-9F09-EA1896817E64}.Debug|Any CPU.Build.0 = Debug|Any CPU
		{E003D16D-68DB-4989-9F09-EA1896817E64}.Release|Any CPU.ActiveCfg = Release|Any CPU
		{E003D16D-68DB-4989-9F09-EA1896817E64}.Release|Any CPU.Build.0 = Release|Any CPU
		{1B6C6E3A-509B-47DF-A12A-195828BB0177}.Debug|Any CPU.ActiveCfg = Debug|Any CPU
		{1B6C6E3A-509B-47DF-A12A-195828BB0177}.Debug|Any CPU.Build.0 = Debug|Any CPU
		{1B6C6E3A-509B-47DF-A12A-195828BB0177}.Release|Any CPU.ActiveCfg = Release|Any CPU
		{1B6C6E3A-509B-47DF-A12A-195828BB0177}.Release|Any CPU.Build.0 = Release|Any CPU
	EndGlobalSection
	GlobalSection(SolutionProperties) = preSolution
		HideSolutionNode = FALSE
	EndGlobalSection
	GlobalSection(ExtensibilityGlobals) = postSolution
		SolutionGuid = {6CF7A172-0C68-4FCE-9289-C2F405C15BAD}
	EndGlobalSection
EndGlobal
